PODS:
  - KIF (3.2.0):
    - KIF/XCTest (= 3.2.0)
  - KIF/XCTest (3.2.0)
  - Nimble (0.4.1)
  - Quick (0.3.0)

DEPENDENCIES:
  - KIF
  - Nimble
  - Quick

SPEC CHECKSUMS:
  KIF: 6f94a23566fd05b809f5d3bc5231a965b51121b9
  Nimble: 36913d5c822a29b3ace4113c197c79eb766a3615
  Quick: 91a8e2ee5bb25eff88ebd0e7553abf728a5ac9bd

COCOAPODS: 0.36.0
