// !$*UTF8*$!
{
	archiveVersion = 1;
	classes = {
	};
	objectVersion = 46;
	objects = {

/* Begin PBXBuildFile section */
		6DD8CA0595599B9BE47D1F9A /* Pods_FindFunctionalTests.framework in Frameworks */ = {isa = PBXBuildFile; fileRef = EB22BDA420358FDAC8330925 /* Pods_FindFunctionalTests.framework */; settings = {ATTRIBUTES = (Weak, ); }; };
		7D0FD2298C89A551E0C77333 /* libPods-FindTests.a in Frameworks */ = {isa = PBXBuildFile; fileRef = BFF7E5EAE816E93E9D274DE2 /* libPods-FindTests.a */; };
		B5DBE473A53C83257E65772A /* Pods_FindTests.framework in Frameworks */ = {isa = PBXBuildFile; fileRef = A24B15036C2FF71E18D68E34 /* Pods_FindTests.framework */; settings = {ATTRIBUTES = (Weak, ); }; };
		ED079E971AAFF835005315BE /* ActionViewController.swift in Sources */ = {isa = PBXBuildFile; fileRef = ED079E961AAFF835005315BE /* ActionViewController.swift */; };
		ED079E991AAFF835005315BE /* MainInterface.storyboard in Resources */ = {isa = PBXBuildFile; fileRef = ED079E981AAFF835005315BE /* MainInterface.storyboard */; };
		ED079E9C1AAFF835005315BE /* FindAction.appex in Embed App Extensions */ = {isa = PBXBuildFile; fileRef = ED079E921AAFF835005315BE /* FindAction.appex */; settings = {ATTRIBUTES = (RemoveHeadersOnCopy, ); }; };
		ED27B6FA1A94570700B1BE91 /* FindFunctionalTests.swift in Sources */ = {isa = PBXBuildFile; fileRef = ED27B6F91A94570700B1BE91 /* FindFunctionalTests.swift */; };
		ED27B7051A9458DF00B1BE91 /* KIF+SwiftExtension.swift in Sources */ = {isa = PBXBuildFile; fileRef = ED27B7041A9458DF00B1BE91 /* KIF+SwiftExtension.swift */; };
		ED27B7081A99727A00B1BE91 /* Finder.swift in Sources */ = {isa = PBXBuildFile; fileRef = ED27B7071A99727A00B1BE91 /* Finder.swift */; };
		ED27B7091A99727A00B1BE91 /* Finder.swift in Sources */ = {isa = PBXBuildFile; fileRef = ED27B7071A99727A00B1BE91 /* Finder.swift */; };
		ED27B70B1A99729E00B1BE91 /* FinderSpec.swift in Sources */ = {isa = PBXBuildFile; fileRef = ED27B70A1A99729E00B1BE91 /* FinderSpec.swift */; };
		ED27B70D1A9D681C00B1BE91 /* Highlighter.swift in Sources */ = {isa = PBXBuildFile; fileRef = ED27B70C1A9D681C00B1BE91 /* Highlighter.swift */; };
		ED27B70E1A9D681C00B1BE91 /* Highlighter.swift in Sources */ = {isa = PBXBuildFile; fileRef = ED27B70C1A9D681C00B1BE91 /* Highlighter.swift */; };
		ED27B7111A9D687700B1BE91 /* HighlighterSpec.swift in Sources */ = {isa = PBXBuildFile; fileRef = ED27B7101A9D687700B1BE91 /* HighlighterSpec.swift */; };
		ED27B7131A9D729600B1BE91 /* Tools.swift in Sources */ = {isa = PBXBuildFile; fileRef = ED27B7121A9D729600B1BE91 /* Tools.swift */; };
		ED27B7141A9D729600B1BE91 /* Tools.swift in Sources */ = {isa = PBXBuildFile; fileRef = ED27B7121A9D729600B1BE91 /* Tools.swift */; };
		ED27B7161A9D73C500B1BE91 /* ToolsSpec.swift in Sources */ = {isa = PBXBuildFile; fileRef = ED27B7151A9D73C500B1BE91 /* ToolsSpec.swift */; };
		EDB4A2831A8C006200963137 /* AppDelegate.swift in Sources */ = {isa = PBXBuildFile; fileRef = EDB4A2821A8C006200963137 /* AppDelegate.swift */; };
		EDB4A2851A8C006200963137 /* ViewController.swift in Sources */ = {isa = PBXBuildFile; fileRef = EDB4A2841A8C006200963137 /* ViewController.swift */; };
		EDB4A2881A8C006200963137 /* Main.storyboard in Resources */ = {isa = PBXBuildFile; fileRef = EDB4A2861A8C006200963137 /* Main.storyboard */; };
		EDB4A28A1A8C006200963137 /* Images.xcassets in Resources */ = {isa = PBXBuildFile; fileRef = EDB4A2891A8C006200963137 /* Images.xcassets */; };
		EDB4A28D1A8C006200963137 /* LaunchScreen.xib in Resources */ = {isa = PBXBuildFile; fileRef = EDB4A28B1A8C006200963137 /* LaunchScreen.xib */; };
		EDD8D90F1A8C5A0A003D0ABD /* ViewControllerSpec.swift in Sources */ = {isa = PBXBuildFile; fileRef = EDD8D90E1A8C5A0A003D0ABD /* ViewControllerSpec.swift */; };
		EDD8D9101A8D70E9003D0ABD /* ViewController.swift in Sources */ = {isa = PBXBuildFile; fileRef = EDB4A2841A8C006200963137 /* ViewController.swift */; };
		EDD8D9111A8D7503003D0ABD /* Main.storyboard in Resources */ = {isa = PBXBuildFile; fileRef = EDB4A2861A8C006200963137 /* Main.storyboard */; };
/* End PBXBuildFile section */

/* Begin PBXContainerItemProxy section */
		ED079E9A1AAFF835005315BE /* PBXContainerItemProxy */ = {
			isa = PBXContainerItemProxy;
			containerPortal = EDB4A2751A8C006200963137 /* Project object */;
			proxyType = 1;
			remoteGlobalIDString = ED079E911AAFF835005315BE;
			remoteInfo = FindAction;
		};
		ED27B6FB1A94570700B1BE91 /* PBXContainerItemProxy */ = {
			isa = PBXContainerItemProxy;
			containerPortal = EDB4A2751A8C006200963137 /* Project object */;
			proxyType = 1;
			remoteGlobalIDString = EDB4A27C1A8C006200963137;
			remoteInfo = Find;
		};
		EDB4A2931A8C006200963137 /* PBXContainerItemProxy */ = {
			isa = PBXContainerItemProxy;
			containerPortal = EDB4A2751A8C006200963137 /* Project object */;
			proxyType = 1;
			remoteGlobalIDString = EDB4A27C1A8C006200963137;
			remoteInfo = Find;
		};
/* End PBXContainerItemProxy section */

/* Begin PBXCopyFilesBuildPhase section */
		ED079EA01AAFF835005315BE /* Embed App Extensions */ = {
			isa = PBXCopyFilesBuildPhase;
			buildActionMask = 2147483647;
			dstPath = "";
			dstSubfolderSpec = 13;
			files = (
				ED079E9C1AAFF835005315BE /* FindAction.appex in Embed App Extensions */,
			);
			name = "Embed App Extensions";
			runOnlyForDeploymentPostprocessing = 0;
		};
/* End PBXCopyFilesBuildPhase section */

/* Begin PBXFileReference section */
		30E9BD0C0A315851378B141E /* Pods-FindTests.debug.xcconfig */ = {isa = PBXFileReference; includeInIndex = 1; lastKnownFileType = text.xcconfig; name = "Pods-FindTests.debug.xcconfig"; path = "Pods/Target Support Files/Pods-FindTests/Pods-FindTests.debug.xcconfig"; sourceTree = "<group>"; };
		3160111DFC138713EB128EEA /* Pods-FindFunctionalTests.release.xcconfig */ = {isa = PBXFileReference; includeInIndex = 1; lastKnownFileType = text.xcconfig; name = "Pods-FindFunctionalTests.release.xcconfig"; path = "Pods/Target Support Files/Pods-FindFunctionalTests/Pods-FindFunctionalTests.release.xcconfig"; sourceTree = "<group>"; };
		6311801A7A979BC4A872B3CE /* Pods-FindTests.release.xcconfig */ = {isa = PBXFileReference; includeInIndex = 1; lastKnownFileType = text.xcconfig; name = "Pods-FindTests.release.xcconfig"; path = "Pods/Target Support Files/Pods-FindTests/Pods-FindTests.release.xcconfig"; sourceTree = "<group>"; };
		A24B15036C2FF71E18D68E34 /* Pods_FindTests.framework */ = {isa = PBXFileReference; explicitFileType = wrapper.framework; includeInIndex = 0; path = Pods_FindTests.framework; sourceTree = BUILT_PRODUCTS_DIR; };
		B8684D28391702692B013C62 /* Pods-FindFunctionalTests.debug.xcconfig */ = {isa = PBXFileReference; includeInIndex = 1; lastKnownFileType = text.xcconfig; name = "Pods-FindFunctionalTests.debug.xcconfig"; path = "Pods/Target Support Files/Pods-FindFunctionalTests/Pods-FindFunctionalTests.debug.xcconfig"; sourceTree = "<group>"; };
		BFF7E5EAE816E93E9D274DE2 /* libPods-FindTests.a */ = {isa = PBXFileReference; explicitFileType = archive.ar; includeInIndex = 0; path = "libPods-FindTests.a"; sourceTree = BUILT_PRODUCTS_DIR; };
		EB22BDA420358FDAC8330925 /* Pods_FindFunctionalTests.framework */ = {isa = PBXFileReference; explicitFileType = wrapper.framework; includeInIndex = 0; path = Pods_FindFunctionalTests.framework; sourceTree = BUILT_PRODUCTS_DIR; };
		ED079E921AAFF835005315BE /* FindAction.appex */ = {isa = PBXFileReference; explicitFileType = "wrapper.app-extension"; includeInIndex = 0; path = FindAction.appex; sourceTree = BUILT_PRODUCTS_DIR; };
		ED079E951AAFF835005315BE /* Info.plist */ = {isa = PBXFileReference; lastKnownFileType = text.plist.xml; path = Info.plist; sourceTree = "<group>"; };
		ED079E961AAFF835005315BE /* ActionViewController.swift */ = {isa = PBXFileReference; lastKnownFileType = sourcecode.swift; path = ActionViewController.swift; sourceTree = "<group>"; };
		ED079E981AAFF835005315BE /* MainInterface.storyboard */ = {isa = PBXFileReference; lastKnownFileType = file.storyboard; path = MainInterface.storyboard; sourceTree = "<group>"; };
		ED27B6F51A94570700B1BE91 /* FindFunctionalTests.xctest */ = {isa = PBXFileReference; explicitFileType = wrapper.cfbundle; includeInIndex = 0; path = FindFunctionalTests.xctest; sourceTree = BUILT_PRODUCTS_DIR; };
		ED27B6F81A94570700B1BE91 /* Info.plist */ = {isa = PBXFileReference; lastKnownFileType = text.plist.xml; path = Info.plist; sourceTree = "<group>"; };
		ED27B6F91A94570700B1BE91 /* FindFunctionalTests.swift */ = {isa = PBXFileReference; lastKnownFileType = sourcecode.swift; path = FindFunctionalTests.swift; sourceTree = "<group>"; };
		ED27B7001A9458A500B1BE91 /* FindFunctionalTests-Bridging-Header.h */ = {isa = PBXFileReference; lastKnownFileType = sourcecode.c.h; path = "FindFunctionalTests-Bridging-Header.h"; sourceTree = "<group>"; };
		ED27B7041A9458DF00B1BE91 /* KIF+SwiftExtension.swift */ = {isa = PBXFileReference; fileEncoding = 4; lastKnownFileType = sourcecode.swift; path = "KIF+SwiftExtension.swift"; sourceTree = "<group>"; };
		ED27B7071A99727A00B1BE91 /* Finder.swift */ = {isa = PBXFileReference; fileEncoding = 4; lastKnownFileType = sourcecode.swift; path = Finder.swift; sourceTree = "<group>"; };
		ED27B70A1A99729E00B1BE91 /* FinderSpec.swift */ = {isa = PBXFileReference; fileEncoding = 4; lastKnownFileType = sourcecode.swift; path = FinderSpec.swift; sourceTree = "<group>"; };
		ED27B70C1A9D681C00B1BE91 /* Highlighter.swift */ = {isa = PBXFileReference; fileEncoding = 4; lastKnownFileType = sourcecode.swift; path = Highlighter.swift; sourceTree = "<group>"; };
		ED27B7101A9D687700B1BE91 /* HighlighterSpec.swift */ = {isa = PBXFileReference; fileEncoding = 4; lastKnownFileType = sourcecode.swift; path = HighlighterSpec.swift; sourceTree = "<group>"; };
		ED27B7121A9D729600B1BE91 /* Tools.swift */ = {isa = PBXFileReference; fileEncoding = 4; lastKnownFileType = sourcecode.swift; path = Tools.swift; sourceTree = "<group>"; };
		ED27B7151A9D73C500B1BE91 /* ToolsSpec.swift */ = {isa = PBXFileReference; fileEncoding = 4; lastKnownFileType = sourcecode.swift; path = ToolsSpec.swift; sourceTree = "<group>"; };
		EDB4A27D1A8C006200963137 /* Find.app */ = {isa = PBXFileReference; explicitFileType = wrapper.application; includeInIndex = 0; path = Find.app; sourceTree = BUILT_PRODUCTS_DIR; };
		EDB4A2811A8C006200963137 /* Info.plist */ = {isa = PBXFileReference; lastKnownFileType = text.plist.xml; path = Info.plist; sourceTree = "<group>"; };
		EDB4A2821A8C006200963137 /* AppDelegate.swift */ = {isa = PBXFileReference; lastKnownFileType = sourcecode.swift; path = AppDelegate.swift; sourceTree = "<group>"; };
		EDB4A2841A8C006200963137 /* ViewController.swift */ = {isa = PBXFileReference; lastKnownFileType = sourcecode.swift; path = ViewController.swift; sourceTree = "<group>"; };
		EDB4A2871A8C006200963137 /* Base */ = {isa = PBXFileReference; lastKnownFileType = file.storyboard; name = Base; path = Base.lproj/Main.storyboard; sourceTree = "<group>"; };
		EDB4A2891A8C006200963137 /* Images.xcassets */ = {isa = PBXFileReference; lastKnownFileType = folder.assetcatalog; path = Images.xcassets; sourceTree = "<group>"; };
		EDB4A28C1A8C006200963137 /* Base */ = {isa = PBXFileReference; lastKnownFileType = file.xib; name = Base; path = Base.lproj/LaunchScreen.xib; sourceTree = "<group>"; };
		EDB4A2921A8C006200963137 /* FindTests.xctest */ = {isa = PBXFileReference; explicitFileType = wrapper.cfbundle; includeInIndex = 0; path = FindTests.xctest; sourceTree = BUILT_PRODUCTS_DIR; };
		EDB4A2971A8C006200963137 /* Info.plist */ = {isa = PBXFileReference; lastKnownFileType = text.plist.xml; path = Info.plist; sourceTree = "<group>"; };
		EDD8D90E1A8C5A0A003D0ABD /* ViewControllerSpec.swift */ = {isa = PBXFileReference; fileEncoding = 4; lastKnownFileType = sourcecode.swift; path = ViewControllerSpec.swift; sourceTree = "<group>"; };
/* End PBXFileReference section */

/* Begin PBXFrameworksBuildPhase section */
		ED079E8F1AAFF835005315BE /* Frameworks */ = {
			isa = PBXFrameworksBuildPhase;
			buildActionMask = 2147483647;
			files = (
			);
			runOnlyForDeploymentPostprocessing = 0;
		};
		ED27B6F21A94570700B1BE91 /* Frameworks */ = {
			isa = PBXFrameworksBuildPhase;
			buildActionMask = 2147483647;
			files = (
				6DD8CA0595599B9BE47D1F9A /* Pods_FindFunctionalTests.framework in Frameworks */,
			);
			runOnlyForDeploymentPostprocessing = 0;
		};
		EDB4A27A1A8C006200963137 /* Frameworks */ = {
			isa = PBXFrameworksBuildPhase;
			buildActionMask = 2147483647;
			files = (
			);
			runOnlyForDeploymentPostprocessing = 0;
		};
		EDB4A28F1A8C006200963137 /* Frameworks */ = {
			isa = PBXFrameworksBuildPhase;
			buildActionMask = 2147483647;
			files = (
				B5DBE473A53C83257E65772A /* Pods_FindTests.framework in Frameworks */,
				7D0FD2298C89A551E0C77333 /* libPods-FindTests.a in Frameworks */,
			);
			runOnlyForDeploymentPostprocessing = 0;
		};
/* End PBXFrameworksBuildPhase section */

/* Begin PBXGroup section */
		817E2ECBB39B2B6BEE7F3189 /* Frameworks */ = {
			isa = PBXGroup;
			children = (
				A24B15036C2FF71E18D68E34 /* Pods_FindTests.framework */,
				BFF7E5EAE816E93E9D274DE2 /* libPods-FindTests.a */,
				EB22BDA420358FDAC8330925 /* Pods_FindFunctionalTests.framework */,
			);
			name = Frameworks;
			sourceTree = "<group>";
		};
		93B0425FD86A7BDAE0C8338D /* Pods */ = {
			isa = PBXGroup;
			children = (
				30E9BD0C0A315851378B141E /* Pods-FindTests.debug.xcconfig */,
				6311801A7A979BC4A872B3CE /* Pods-FindTests.release.xcconfig */,
				B8684D28391702692B013C62 /* Pods-FindFunctionalTests.debug.xcconfig */,
				3160111DFC138713EB128EEA /* Pods-FindFunctionalTests.release.xcconfig */,
			);
			name = Pods;
			sourceTree = "<group>";
		};
		ED079E931AAFF835005315BE /* FindAction */ = {
			isa = PBXGroup;
			children = (
				ED079E961AAFF835005315BE /* ActionViewController.swift */,
				ED079E981AAFF835005315BE /* MainInterface.storyboard */,
				ED079E941AAFF835005315BE /* Supporting Files */,
			);
			path = FindAction;
			sourceTree = "<group>";
		};
		ED079E941AAFF835005315BE /* Supporting Files */ = {
			isa = PBXGroup;
			children = (
				ED079E951AAFF835005315BE /* Info.plist */,
			);
			name = "Supporting Files";
			sourceTree = "<group>";
		};
		ED27B6F61A94570700B1BE91 /* FindFunctionalTests */ = {
			isa = PBXGroup;
			children = (
				ED27B6F91A94570700B1BE91 /* FindFunctionalTests.swift */,
				ED27B7061A9460A900B1BE91 /* Essentials for Swift */,
				ED27B6F71A94570700B1BE91 /* Supporting Files */,
			);
			path = FindFunctionalTests;
			sourceTree = "<group>";
		};
		ED27B6F71A94570700B1BE91 /* Supporting Files */ = {
			isa = PBXGroup;
			children = (
				ED27B6F81A94570700B1BE91 /* Info.plist */,
			);
			name = "Supporting Files";
			sourceTree = "<group>";
		};
		ED27B7061A9460A900B1BE91 /* Essentials for Swift */ = {
			isa = PBXGroup;
			children = (
				ED27B7001A9458A500B1BE91 /* FindFunctionalTests-Bridging-Header.h */,
				ED27B7041A9458DF00B1BE91 /* KIF+SwiftExtension.swift */,
			);
			name = "Essentials for Swift";
			sourceTree = "<group>";
		};
		ED27B70F1A9D682900B1BE91 /* AppScreen */ = {
			isa = PBXGroup;
			children = (
				EDB4A2821A8C006200963137 /* AppDelegate.swift */,
				EDB4A2841A8C006200963137 /* ViewController.swift */,
			);
			name = AppScreen;
			sourceTree = "<group>";
		};
		EDB4A2741A8C006200963137 = {
			isa = PBXGroup;
			children = (
				EDB4A27F1A8C006200963137 /* Find */,
				EDB4A2951A8C006200963137 /* FindTests */,
				ED27B6F61A94570700B1BE91 /* FindFunctionalTests */,
				ED079E931AAFF835005315BE /* FindAction */,
				EDB4A27E1A8C006200963137 /* Products */,
				93B0425FD86A7BDAE0C8338D /* Pods */,
				817E2ECBB39B2B6BEE7F3189 /* Frameworks */,
			);
			sourceTree = "<group>";
		};
		EDB4A27E1A8C006200963137 /* Products */ = {
			isa = PBXGroup;
			children = (
				EDB4A27D1A8C006200963137 /* Find.app */,
				EDB4A2921A8C006200963137 /* FindTests.xctest */,
				ED27B6F51A94570700B1BE91 /* FindFunctionalTests.xctest */,
				ED079E921AAFF835005315BE /* FindAction.appex */,
			);
			name = Products;
			sourceTree = "<group>";
		};
		EDB4A27F1A8C006200963137 /* Find */ = {
			isa = PBXGroup;
			children = (
				ED27B70F1A9D682900B1BE91 /* AppScreen */,
				ED27B7071A99727A00B1BE91 /* Finder.swift */,
				ED27B70C1A9D681C00B1BE91 /* Highlighter.swift */,
				ED27B7121A9D729600B1BE91 /* Tools.swift */,
				EDB4A2861A8C006200963137 /* Main.storyboard */,
				EDB4A2891A8C006200963137 /* Images.xcassets */,
				EDB4A28B1A8C006200963137 /* LaunchScreen.xib */,
				EDB4A2801A8C006200963137 /* Supporting Files */,
			);
			path = Find;
			sourceTree = "<group>";
		};
		EDB4A2801A8C006200963137 /* Supporting Files */ = {
			isa = PBXGroup;
			children = (
				EDB4A2811A8C006200963137 /* Info.plist */,
			);
			name = "Supporting Files";
			sourceTree = "<group>";
		};
		EDB4A2951A8C006200963137 /* FindTests */ = {
			isa = PBXGroup;
			children = (
				ED27B70A1A99729E00B1BE91 /* FinderSpec.swift */,
				ED27B7101A9D687700B1BE91 /* HighlighterSpec.swift */,
				ED27B7151A9D73C500B1BE91 /* ToolsSpec.swift */,
				EDD8D90E1A8C5A0A003D0ABD /* ViewControllerSpec.swift */,
				EDB4A2961A8C006200963137 /* Supporting Files */,
			);
			path = FindTests;
			sourceTree = "<group>";
		};
		EDB4A2961A8C006200963137 /* Supporting Files */ = {
			isa = PBXGroup;
			children = (
				EDB4A2971A8C006200963137 /* Info.plist */,
			);
			name = "Supporting Files";
			sourceTree = "<group>";
		};
/* End PBXGroup section */

/* Begin PBXNativeTarget section */
		ED079E911AAFF835005315BE /* FindAction */ = {
			isa = PBXNativeTarget;
			buildConfigurationList = ED079E9F1AAFF835005315BE /* Build configuration list for PBXNativeTarget "FindAction" */;
			buildPhases = (
				ED079E8E1AAFF835005315BE /* Sources */,
				ED079E8F1AAFF835005315BE /* Frameworks */,
				ED079E901AAFF835005315BE /* Resources */,
			);
			buildRules = (
			);
			dependencies = (
			);
			name = FindAction;
			productName = FindAction;
			productReference = ED079E921AAFF835005315BE /* FindAction.appex */;
			productType = "com.apple.product-type.app-extension";
		};
		ED27B6F41A94570700B1BE91 /* FindFunctionalTests */ = {
			isa = PBXNativeTarget;
			buildConfigurationList = ED27B6FD1A94570700B1BE91 /* Build configuration list for PBXNativeTarget "FindFunctionalTests" */;
			buildPhases = (
				61021433C692D357B64F4055 /* Check Pods Manifest.lock */,
				ED27B6F11A94570700B1BE91 /* Sources */,
				ED27B6F21A94570700B1BE91 /* Frameworks */,
				ED27B6F31A94570700B1BE91 /* Resources */,
				F3E66F2E3F8A7BFAA873B845 /* Copy Pods Resources */,
				CA0A655361424186FE47972A /* Embed Pods Frameworks */,
			);
			buildRules = (
			);
			dependencies = (
				ED27B6FC1A94570700B1BE91 /* PBXTargetDependency */,
			);
			name = FindFunctionalTests;
			productName = FindFunctionalTests;
			productReference = ED27B6F51A94570700B1BE91 /* FindFunctionalTests.xctest */;
			productType = "com.apple.product-type.bundle.unit-test";
		};
		EDB4A27C1A8C006200963137 /* Find */ = {
			isa = PBXNativeTarget;
			buildConfigurationList = EDB4A29C1A8C006200963137 /* Build configuration list for PBXNativeTarget "Find" */;
			buildPhases = (
				EDB4A2791A8C006200963137 /* Sources */,
				EDB4A27A1A8C006200963137 /* Frameworks */,
				EDB4A27B1A8C006200963137 /* Resources */,
				ED079EA01AAFF835005315BE /* Embed App Extensions */,
			);
			buildRules = (
			);
			dependencies = (
				ED079E9B1AAFF835005315BE /* PBXTargetDependency */,
			);
			name = Find;
			productName = Find;
			productReference = EDB4A27D1A8C006200963137 /* Find.app */;
			productType = "com.apple.product-type.application";
		};
		EDB4A2911A8C006200963137 /* FindTests */ = {
			isa = PBXNativeTarget;
			buildConfigurationList = EDB4A29F1A8C006200963137 /* Build configuration list for PBXNativeTarget "FindTests" */;
			buildPhases = (
				CC9CFD5F94051120C62E286A /* Check Pods Manifest.lock */,
				EDB4A28E1A8C006200963137 /* Sources */,
				EDB4A28F1A8C006200963137 /* Frameworks */,
				EDB4A2901A8C006200963137 /* Resources */,
				0E5AF74AF92CD1D1D58646CA /* Copy Pods Resources */,
				5659EE1D5AA951D5E4CFF253 /* Embed Pods Frameworks */,
			);
			buildRules = (
			);
			dependencies = (
				EDB4A2941A8C006200963137 /* PBXTargetDependency */,
			);
			name = FindTests;
			productName = FindTests;
			productReference = EDB4A2921A8C006200963137 /* FindTests.xctest */;
			productType = "com.apple.product-type.bundle.unit-test";
		};
/* End PBXNativeTarget section */

/* Begin PBXProject section */
		EDB4A2751A8C006200963137 /* Project object */ = {
			isa = PBXProject;
			attributes = {
				LastUpgradeCheck = 0610;
				ORGANIZATIONNAME = Justin.Dombecki;
				TargetAttributes = {
					ED079E911AAFF835005315BE = {
						CreatedOnToolsVersion = 6.3;
						DevelopmentTeam = PLH8EV8LKK;
					};
					ED27B6F41A94570700B1BE91 = {
						CreatedOnToolsVersion = 6.1.1;
						TestTargetID = EDB4A27C1A8C006200963137;
					};
					EDB4A27C1A8C006200963137 = {
						CreatedOnToolsVersion = 6.1.1;
						DevelopmentTeam = PLH8EV8LKK;
					};
					EDB4A2911A8C006200963137 = {
						CreatedOnToolsVersion = 6.1.1;
						TestTargetID = EDB4A27C1A8C006200963137;
					};
				};
			};
			buildConfigurationList = EDB4A2781A8C006200963137 /* Build configuration list for PBXProject "Find" */;
			compatibilityVersion = "Xcode 3.2";
			developmentRegion = English;
			hasScannedForEncodings = 0;
			knownRegions = (
				en,
				Base,
			);
			mainGroup = EDB4A2741A8C006200963137;
			productRefGroup = EDB4A27E1A8C006200963137 /* Products */;
			projectDirPath = "";
			projectRoot = "";
			targets = (
				EDB4A27C1A8C006200963137 /* Find */,
				EDB4A2911A8C006200963137 /* FindTests */,
				ED27B6F41A94570700B1BE91 /* FindFunctionalTests */,
				ED079E911AAFF835005315BE /* FindAction */,
			);
		};
/* End PBXProject section */

/* Begin PBXResourcesBuildPhase section */
		ED079E901AAFF835005315BE /* Resources */ = {
			isa = PBXResourcesBuildPhase;
			buildActionMask = 2147483647;
			files = (
				ED079E991AAFF835005315BE /* MainInterface.storyboard in Resources */,
			);
			runOnlyForDeploymentPostprocessing = 0;
		};
		ED27B6F31A94570700B1BE91 /* Resources */ = {
			isa = PBXResourcesBuildPhase;
			buildActionMask = 2147483647;
			files = (
			);
			runOnlyForDeploymentPostprocessing = 0;
		};
		EDB4A27B1A8C006200963137 /* Resources */ = {
			isa = PBXResourcesBuildPhase;
			buildActionMask = 2147483647;
			files = (
				EDB4A2881A8C006200963137 /* Main.storyboard in Resources */,
				EDB4A28D1A8C006200963137 /* LaunchScreen.xib in Resources */,
				EDB4A28A1A8C006200963137 /* Images.xcassets in Resources */,
			);
			runOnlyForDeploymentPostprocessing = 0;
		};
		EDB4A2901A8C006200963137 /* Resources */ = {
			isa = PBXResourcesBuildPhase;
			buildActionMask = 2147483647;
			files = (
				EDD8D9111A8D7503003D0ABD /* Main.storyboard in Resources */,
			);
			runOnlyForDeploymentPostprocessing = 0;
		};
/* End PBXResourcesBuildPhase section */

/* Begin PBXShellScriptBuildPhase section */
		0E5AF74AF92CD1D1D58646CA /* Copy Pods Resources */ = {
			isa = PBXShellScriptBuildPhase;
			buildActionMask = 2147483647;
			files = (
			);
			inputPaths = (
			);
			name = "Copy Pods Resources";
			outputPaths = (
			);
			runOnlyForDeploymentPostprocessing = 0;
			shellPath = /bin/sh;
			shellScript = "\"${SRCROOT}/Pods/Target Support Files/Pods-FindTests/Pods-FindTests-resources.sh\"\n";
			showEnvVarsInLog = 0;
		};
		5659EE1D5AA951D5E4CFF253 /* Embed Pods Frameworks */ = {
			isa = PBXShellScriptBuildPhase;
			buildActionMask = 2147483647;
			files = (
			);
			inputPaths = (
			);
			name = "Embed Pods Frameworks";
			outputPaths = (
			);
			runOnlyForDeploymentPostprocessing = 0;
			shellPath = /bin/sh;
			shellScript = "\"${SRCROOT}/Pods/Target Support Files/Pods-FindTests/Pods-FindTests-frameworks.sh\"\n";
			showEnvVarsInLog = 0;
		};
		61021433C692D357B64F4055 /* Check Pods Manifest.lock */ = {
			isa = PBXShellScriptBuildPhase;
			buildActionMask = 2147483647;
			files = (
			);
			inputPaths = (
			);
			name = "Check Pods Manifest.lock";
			outputPaths = (
			);
			runOnlyForDeploymentPostprocessing = 0;
			shellPath = /bin/sh;
			shellScript = "diff \"${PODS_ROOT}/../Podfile.lock\" \"${PODS_ROOT}/Manifest.lock\" > /dev/null\nif [[ $? != 0 ]] ; then\n    cat << EOM\nerror: The sandbox is not in sync with the Podfile.lock. Run 'pod install' or update your CocoaPods installation.\nEOM\n    exit 1\nfi\n";
			showEnvVarsInLog = 0;
		};
		CA0A655361424186FE47972A /* Embed Pods Frameworks */ = {
			isa = PBXShellScriptBuildPhase;
			buildActionMask = 2147483647;
			files = (
			);
			inputPaths = (
			);
			name = "Embed Pods Frameworks";
			outputPaths = (
			);
			runOnlyForDeploymentPostprocessing = 0;
			shellPath = /bin/sh;
			shellScript = "\"${SRCROOT}/Pods/Target Support Files/Pods-FindFunctionalTests/Pods-FindFunctionalTests-frameworks.sh\"\n";
			showEnvVarsInLog = 0;
		};
		CC9CFD5F94051120C62E286A /* Check Pods Manifest.lock */ = {
			isa = PBXShellScriptBuildPhase;
			buildActionMask = 2147483647;
			files = (
			);
			inputPaths = (
			);
			name = "Check Pods Manifest.lock";
			outputPaths = (
			);
			runOnlyForDeploymentPostprocessing = 0;
			shellPath = /bin/sh;
			shellScript = "diff \"${PODS_ROOT}/../Podfile.lock\" \"${PODS_ROOT}/Manifest.lock\" > /dev/null\nif [[ $? != 0 ]] ; then\n    cat << EOM\nerror: The sandbox is not in sync with the Podfile.lock. Run 'pod install' or update your CocoaPods installation.\nEOM\n    exit 1\nfi\n";
			showEnvVarsInLog = 0;
		};
		F3E66F2E3F8A7BFAA873B845 /* Copy Pods Resources */ = {
			isa = PBXShellScriptBuildPhase;
			buildActionMask = 2147483647;
			files = (
			);
			inputPaths = (
			);
			name = "Copy Pods Resources";
			outputPaths = (
			);
			runOnlyForDeploymentPostprocessing = 0;
			shellPath = /bin/sh;
			shellScript = "\"${SRCROOT}/Pods/Target Support Files/Pods-FindFunctionalTests/Pods-FindFunctionalTests-resources.sh\"\n";
			showEnvVarsInLog = 0;
		};
/* End PBXShellScriptBuildPhase section */

/* Begin PBXSourcesBuildPhase section */
		ED079E8E1AAFF835005315BE /* Sources */ = {
			isa = PBXSourcesBuildPhase;
			buildActionMask = 2147483647;
			files = (
				ED079E971AAFF835005315BE /* ActionViewController.swift in Sources */,
			);
			runOnlyForDeploymentPostprocessing = 0;
		};
		ED27B6F11A94570700B1BE91 /* Sources */ = {
			isa = PBXSourcesBuildPhase;
			buildActionMask = 2147483647;
			files = (
				ED27B7051A9458DF00B1BE91 /* KIF+SwiftExtension.swift in Sources */,
				ED27B6FA1A94570700B1BE91 /* FindFunctionalTests.swift in Sources */,
			);
			runOnlyForDeploymentPostprocessing = 0;
		};
		EDB4A2791A8C006200963137 /* Sources */ = {
			isa = PBXSourcesBuildPhase;
			buildActionMask = 2147483647;
			files = (
				EDB4A2851A8C006200963137 /* ViewController.swift in Sources */,
				ED27B7081A99727A00B1BE91 /* Finder.swift in Sources */,
				EDB4A2831A8C006200963137 /* AppDelegate.swift in Sources */,
				ED27B70D1A9D681C00B1BE91 /* Highlighter.swift in Sources */,
				ED27B7131A9D729600B1BE91 /* Tools.swift in Sources */,
			);
			runOnlyForDeploymentPostprocessing = 0;
		};
		EDB4A28E1A8C006200963137 /* Sources */ = {
			isa = PBXSourcesBuildPhase;
			buildActionMask = 2147483647;
			files = (
				ED27B70E1A9D681C00B1BE91 /* Highlighter.swift in Sources */,
				ED27B7111A9D687700B1BE91 /* HighlighterSpec.swift in Sources */,
				EDD8D9101A8D70E9003D0ABD /* ViewController.swift in Sources */,
				ED27B7091A99727A00B1BE91 /* Finder.swift in Sources */,
				ED27B7141A9D729600B1BE91 /* Tools.swift in Sources */,
				EDD8D90F1A8C5A0A003D0ABD /* ViewControllerSpec.swift in Sources */,
				ED27B7161A9D73C500B1BE91 /* ToolsSpec.swift in Sources */,
				ED27B70B1A99729E00B1BE91 /* FinderSpec.swift in Sources */,
			);
			runOnlyForDeploymentPostprocessing = 0;
		};
/* End PBXSourcesBuildPhase section */

/* Begin PBXTargetDependency section */
		ED079E9B1AAFF835005315BE /* PBXTargetDependency */ = {
			isa = PBXTargetDependency;
			target = ED079E911AAFF835005315BE /* FindAction */;
			targetProxy = ED079E9A1AAFF835005315BE /* PBXContainerItemProxy */;
		};
		ED27B6FC1A94570700B1BE91 /* PBXTargetDependency */ = {
			isa = PBXTargetDependency;
			target = EDB4A27C1A8C006200963137 /* Find */;
			targetProxy = ED27B6FB1A94570700B1BE91 /* PBXContainerItemProxy */;
		};
		EDB4A2941A8C006200963137 /* PBXTargetDependency */ = {
			isa = PBXTargetDependency;
			target = EDB4A27C1A8C006200963137 /* Find */;
			targetProxy = EDB4A2931A8C006200963137 /* PBXContainerItemProxy */;
		};
/* End PBXTargetDependency section */

/* Begin PBXVariantGroup section */
		EDB4A2861A8C006200963137 /* Main.storyboard */ = {
			isa = PBXVariantGroup;
			children = (
				EDB4A2871A8C006200963137 /* Base */,
			);
			name = Main.storyboard;
			sourceTree = "<group>";
		};
		EDB4A28B1A8C006200963137 /* LaunchScreen.xib */ = {
			isa = PBXVariantGroup;
			children = (
				EDB4A28C1A8C006200963137 /* Base */,
			);
			name = LaunchScreen.xib;
			sourceTree = "<group>";
		};
/* End PBXVariantGroup section */

/* Begin XCBuildConfiguration section */
		ED079E9D1AAFF835005315BE /* Debug */ = {
			isa = XCBuildConfiguration;
			buildSettings = {
				ASSETCATALOG_COMPILER_APPICON_NAME = "AppIcon-2";
				ASSETCATALOG_COMPILER_LAUNCHIMAGE_NAME = LaunchImage;
				DEBUG_INFORMATION_FORMAT = dwarf;
				GCC_NO_COMMON_BLOCKS = YES;
				GCC_PREPROCESSOR_DEFINITIONS = (
					"DEBUG=1",
					"$(inherited)",
				);
				INFOPLIST_FILE = FindAction/Info.plist;
				IPHONEOS_DEPLOYMENT_TARGET = 8.1;
				LD_RUNPATH_SEARCH_PATHS = "$(inherited) @executable_path/Frameworks @executable_path/../../Frameworks";
				PRODUCT_NAME = "$(TARGET_NAME)";
				SKIP_INSTALL = YES;
			};
			name = Debug;
		};
		ED079E9E1AAFF835005315BE /* Release */ = {
			isa = XCBuildConfiguration;
			buildSettings = {
				ASSETCATALOG_COMPILER_APPICON_NAME = "AppIcon-2";
				ASSETCATALOG_COMPILER_LAUNCHIMAGE_NAME = LaunchImage;
				COPY_PHASE_STRIP = NO;
				DEBUG_INFORMATION_FORMAT = "dwarf-with-dsym";
				GCC_NO_COMMON_BLOCKS = YES;
				INFOPLIST_FILE = FindAction/Info.plist;
				IPHONEOS_DEPLOYMENT_TARGET = 8.1;
				LD_RUNPATH_SEARCH_PATHS = "$(inherited) @executable_path/Frameworks @executable_path/../../Frameworks";
				PRODUCT_NAME = "$(TARGET_NAME)";
				SKIP_INSTALL = YES;
			};
			name = Release;
		};
		ED27B6FE1A94570700B1BE91 /* Debug */ = {
			isa = XCBuildConfiguration;
			baseConfigurationReference = B8684D28391702692B013C62 /* Pods-FindFunctionalTests.debug.xcconfig */;
			buildSettings = {
				BUNDLE_LOADER = "$(TEST_HOST)";
				CLANG_ENABLE_MODULES = YES;
				FRAMEWORK_SEARCH_PATHS = (
					"$(SDKROOT)/Developer/Library/Frameworks",
					"$(inherited)",
				);
				GCC_PREPROCESSOR_DEFINITIONS = (
					"DEBUG=1",
					"$(inherited)",
				);
				INFOPLIST_FILE = FindFunctionalTests/Info.plist;
				LD_RUNPATH_SEARCH_PATHS = "$(inherited) @executable_path/Frameworks @loader_path/Frameworks";
				PRODUCT_NAME = "$(TARGET_NAME)";
				SWIFT_OBJC_BRIDGING_HEADER = "FindFunctionalTests/FindFunctionalTests-Bridging-Header.h";
				SWIFT_OPTIMIZATION_LEVEL = "-Onone";
				TEST_HOST = "$(BUILT_PRODUCTS_DIR)/Find.app/Find";
			};
			name = Debug;
		};
		ED27B6FF1A94570700B1BE91 /* Release */ = {
			isa = XCBuildConfiguration;
			baseConfigurationReference = 3160111DFC138713EB128EEA /* Pods-FindFunctionalTests.release.xcconfig */;
			buildSettings = {
				BUNDLE_LOADER = "$(TEST_HOST)";
				CLANG_ENABLE_MODULES = YES;
				FRAMEWORK_SEARCH_PATHS = (
					"$(SDKROOT)/Developer/Library/Frameworks",
					"$(inherited)",
				);
				INFOPLIST_FILE = FindFunctionalTests/Info.plist;
				LD_RUNPATH_SEARCH_PATHS = "$(inherited) @executable_path/Frameworks @loader_path/Frameworks";
				PRODUCT_NAME = "$(TARGET_NAME)";
				SWIFT_OBJC_BRIDGING_HEADER = "FindFunctionalTests/FindFunctionalTests-Bridging-Header.h";
				TEST_HOST = "$(BUILT_PRODUCTS_DIR)/Find.app/Find";
			};
			name = Release;
		};
		EDB4A29A1A8C006200963137 /* Debug */ = {
			isa = XCBuildConfiguration;
			buildSettings = {
				ALWAYS_SEARCH_USER_PATHS = NO;
				CLANG_CXX_LANGUAGE_STANDARD = "gnu++0x";
				CLANG_CXX_LIBRARY = "libc++";
				CLANG_ENABLE_MODULES = YES;
				CLANG_ENABLE_OBJC_ARC = YES;
				CLANG_WARN_BOOL_CONVERSION = YES;
				CLANG_WARN_CONSTANT_CONVERSION = YES;
				CLANG_WARN_DIRECT_OBJC_ISA_USAGE = YES_ERROR;
				CLANG_WARN_EMPTY_BODY = YES;
				CLANG_WARN_ENUM_CONVERSION = YES;
				CLANG_WARN_INT_CONVERSION = YES;
				CLANG_WARN_OBJC_ROOT_CLASS = YES_ERROR;
				CLANG_WARN_UNREACHABLE_CODE = YES;
				CLANG_WARN__DUPLICATE_METHOD_MATCH = YES;
				"CODE_SIGN_IDENTITY[sdk=iphoneos*]" = "iPhone Developer";
				COPY_PHASE_STRIP = NO;
				ENABLE_STRICT_OBJC_MSGSEND = YES;
				GCC_C_LANGUAGE_STANDARD = gnu99;
				GCC_DYNAMIC_NO_PIC = NO;
				GCC_OPTIMIZATION_LEVEL = 0;
				GCC_PREPROCESSOR_DEFINITIONS = (
					"DEBUG=1",
					"$(inherited)",
				);
				GCC_SYMBOLS_PRIVATE_EXTERN = NO;
				GCC_WARN_64_TO_32_BIT_CONVERSION = YES;
				GCC_WARN_ABOUT_RETURN_TYPE = YES_ERROR;
				GCC_WARN_UNDECLARED_SELECTOR = YES;
				GCC_WARN_UNINITIALIZED_AUTOS = YES_AGGRESSIVE;
				GCC_WARN_UNUSED_FUNCTION = YES;
				GCC_WARN_UNUSED_VARIABLE = YES;
				IPHONEOS_DEPLOYMENT_TARGET = 8.1;
				MTL_ENABLE_DEBUG_INFO = YES;
				ONLY_ACTIVE_ARCH = YES;
				SDKROOT = iphoneos;
				SWIFT_OPTIMIZATION_LEVEL = "-Onone";
				TARGETED_DEVICE_FAMILY = "1,2";
			};
			name = Debug;
		};
		EDB4A29B1A8C006200963137 /* Release */ = {
			isa = XCBuildConfiguration;
			buildSettings = {
				ALWAYS_SEARCH_USER_PATHS = NO;
				CLANG_CXX_LANGUAGE_STANDARD = "gnu++0x";
				CLANG_CXX_LIBRARY = "libc++";
				CLANG_ENABLE_MODULES = YES;
				CLANG_ENABLE_OBJC_ARC = YES;
				CLANG_WARN_BOOL_CONVERSION = YES;
				CLANG_WARN_CONSTANT_CONVERSION = YES;
				CLANG_WARN_DIRECT_OBJC_ISA_USAGE = YES_ERROR;
				CLANG_WARN_EMPTY_BODY = YES;
				CLANG_WARN_ENUM_CONVERSION = YES;
				CLANG_WARN_INT_CONVERSION = YES;
				CLANG_WARN_OBJC_ROOT_CLASS = YES_ERROR;
				CLANG_WARN_UNREACHABLE_CODE = YES;
				CLANG_WARN__DUPLICATE_METHOD_MATCH = YES;
				"CODE_SIGN_IDENTITY[sdk=iphoneos*]" = "iPhone Developer";
				COPY_PHASE_STRIP = YES;
				ENABLE_NS_ASSERTIONS = NO;
				ENABLE_STRICT_OBJC_MSGSEND = YES;
				GCC_C_LANGUAGE_STANDARD = gnu99;
				GCC_WARN_64_TO_32_BIT_CONVERSION = YES;
				GCC_WARN_ABOUT_RETURN_TYPE = YES_ERROR;
				GCC_WARN_UNDECLARED_SELECTOR = YES;
				GCC_WARN_UNINITIALIZED_AUTOS = YES_AGGRESSIVE;
				GCC_WARN_UNUSED_FUNCTION = YES;
				GCC_WARN_UNUSED_VARIABLE = YES;
				IPHONEOS_DEPLOYMENT_TARGET = 8.1;
				MTL_ENABLE_DEBUG_INFO = NO;
				SDKROOT = iphoneos;
				TARGETED_DEVICE_FAMILY = "1,2";
				VALIDATE_PRODUCT = YES;
			};
			name = Release;
		};
		EDB4A29D1A8C006200963137 /* Debug */ = {
			isa = XCBuildConfiguration;
			buildSettings = {
				ASSETCATALOG_COMPILER_APPICON_NAME = AppIcon;
				EMBEDDED_CONTENT_CONTAINS_SWIFT = YES;
				INFOPLIST_FILE = Find/Info.plist;
				LD_RUNPATH_SEARCH_PATHS = "$(inherited) @executable_path/Frameworks";
				PRODUCT_NAME = "$(TARGET_NAME)";
			};
			name = Debug;
		};
		EDB4A29E1A8C006200963137 /* Release */ = {
			isa = XCBuildConfiguration;
			buildSettings = {
				ASSETCATALOG_COMPILER_APPICON_NAME = AppIcon;
				"CODE_SIGN_IDENTITY[sdk=iphoneos*]" = "iPhone Distribution";
				EMBEDDED_CONTENT_CONTAINS_SWIFT = YES;
				INFOPLIST_FILE = Find/Info.plist;
				LD_RUNPATH_SEARCH_PATHS = "$(inherited) @executable_path/Frameworks";
				PRODUCT_NAME = "$(TARGET_NAME)";
			};
			name = Release;
		};
		EDB4A2A01A8C006200963137 /* Debug */ = {
			isa = XCBuildConfiguration;
			baseConfigurationReference = 30E9BD0C0A315851378B141E /* Pods-FindTests.debug.xcconfig */;
			buildSettings = {
				BUNDLE_LOADER = "$(TEST_HOST)";
				FRAMEWORK_SEARCH_PATHS = (
					"$(SDKROOT)/Developer/Library/Frameworks",
					"$(inherited)",
				);
				GCC_PREPROCESSOR_DEFINITIONS = (
					"DEBUG=1",
					"$(inherited)",
				);
				INFOPLIST_FILE = FindTests/Info.plist;
				LD_RUNPATH_SEARCH_PATHS = "$(inherited) @executable_path/Frameworks @loader_path/Frameworks";
				PRODUCT_NAME = "$(TARGET_NAME)";
				TEST_HOST = "$(BUILT_PRODUCTS_DIR)/Find.app/Find";
			};
			name = Debug;
		};
		EDB4A2A11A8C006200963137 /* Release */ = {
			isa = XCBuildConfiguration;
			baseConfigurationReference = 6311801A7A979BC4A872B3CE /* Pods-FindTests.release.xcconfig */;
			buildSettings = {
				BUNDLE_LOADER = "$(TEST_HOST)";
				FRAMEWORK_SEARCH_PATHS = (
					"$(SDKROOT)/Developer/Library/Frameworks",
					"$(inherited)",
				);
				INFOPLIST_FILE = FindTests/Info.plist;
				LD_RUNPATH_SEARCH_PATHS = "$(inherited) @executable_path/Frameworks @loader_path/Frameworks";
				PRODUCT_NAME = "$(TARGET_NAME)";
				TEST_HOST = "$(BUILT_PRODUCTS_DIR)/Find.app/Find";
			};
			name = Release;
		};
/* End XCBuildConfiguration section */

/* Begin XCConfigurationList section */
		ED079E9F1AAFF835005315BE /* Build configuration list for PBXNativeTarget "FindAction" */ = {
			isa = XCConfigurationList;
			buildConfigurations = (
				ED079E9D1AAFF835005315BE /* Debug */,
				ED079E9E1AAFF835005315BE /* Release */,
			);
			defaultConfigurationIsVisible = 0;
		};
		ED27B6FD1A94570700B1BE91 /* Build configuration list for PBXNativeTarget "FindFunctionalTests" */ = {
			isa = XCConfigurationList;
			buildConfigurations = (
				ED27B6FE1A94570700B1BE91 /* Debug */,
				ED27B6FF1A94570700B1BE91 /* Release */,
			);
			defaultConfigurationIsVisible = 0;
			defaultConfigurationName = Release;
		};
		EDB4A2781A8C006200963137 /* Build configuration list for PBXProject "Find" */ = {
			isa = XCConfigurationList;
			buildConfigurations = (
				EDB4A29A1A8C006200963137 /* Debug */,
				EDB4A29B1A8C006200963137 /* Release */,
			);
			defaultConfigurationIsVisible = 0;
			defaultConfigurationName = Release;
		};
		EDB4A29C1A8C006200963137 /* Build configuration list for PBXNativeTarget "Find" */ = {
			isa = XCConfigurationList;
			buildConfigurations = (
				EDB4A29D1A8C006200963137 /* Debug */,
				EDB4A29E1A8C006200963137 /* Release */,
			);
			defaultConfigurationIsVisible = 0;
			defaultConfigurationName = Release;
		};
		EDB4A29F1A8C006200963137 /* Build configuration list for PBXNativeTarget "FindTests" */ = {
			isa = XCConfigurationList;
			buildConfigurations = (
				EDB4A2A01A8C006200963137 /* Debug */,
				EDB4A2A11A8C006200963137 /* Release */,
			);
			defaultConfigurationIsVisible = 0;
			defaultConfigurationName = Release;
		};
/* End XCConfigurationList section */
	};
	rootObject = EDB4A2751A8C006200963137 /* Project object */;
}
